# THIS IS AN AUTOGENERATED FILE. DO NOT EDIT THIS FILE DIRECTLY.
# yarn lockfile v1


"@babel/runtime@^7.14.5":
  version "7.23.1"
  resolved "https://registry.npmmirror.com/@babel/runtime/-/runtime-7.23.1.tgz#72741dc4d413338a91dcb044a86f3c0bc402646d"
  integrity sha512-hC2v6p8ZSI/W0HUzh3V8C5g+NwSKzKPtJwSpTjwl0o297GP9+ZLQSkdvHz46CM3LqyoXxq+5G9komY+eSqSO0g==
  dependencies:
    regenerator-runtime "^0.14.0"

"@tarojs/api@3.6.17":
  version "3.6.17"
  resolved "https://registry.npmmirror.com/@tarojs/api/-/api-3.6.17.tgz#4f0d738b2aa0a9a36d58fa7837e1b19af84a7a4f"
  integrity sha512-16IDRN0uoBuUhFt5LqrzNKc9ZrzxSplsMN0tuYiIenlqAxsNaPvAVz+93TIWDg14uabGN5JeWKMJs+Ng51rxQw==
  dependencies:
    "@babel/runtime" "^7.14.5"
    "@tarojs/runtime" "3.6.17"
    "@tarojs/shared" "3.6.17"

"@tarojs/runtime@3.6.17":
  version "3.6.17"
  resolved "https://registry.npmmirror.com/@tarojs/runtime/-/runtime-3.6.17.tgz#f0f5c6fafc5008beb00858657b867530cd8e3679"
  integrity sha512-d8x53AcVkV5EWNKiDGF/71CRgLly76rHJVNatZdewW3+rm/iB0amIUusE++9tzcu4ONgP70cDBC8l1lvVOokAg==
  dependencies:
    "@tarojs/shared" "3.6.17"
    lodash-es "4.17.21"

"@tarojs/shared@3.6.17":
  version "3.6.17"
  resolved "https://registry.npmmirror.com/@tarojs/shared/-/shared-3.6.17.tgz#adb8947fd72097477bbfde6b753653a6adb81a43"
  integrity sha512-rWumnlh3OsL2p2Nby4N2OIKep6awR5n4hqxLQq7/QPdoSedNsndWZ/Q5zyE2bIHgpYMgytYEB48Sk6Tm+/+rPw==

"@tarojs/taro@^3.6.17":
  version "3.6.17"
  resolved "https://registry.npmmirror.com/@tarojs/taro/-/taro-3.6.17.tgz#0bcd92a76afc4790b76eca5c2c4d3f7c42ffb871"
  integrity sha512-qcKal6SsFguG3hb/8I4cn5qT60wyqmcohv48ZDg6GFnRSJbmidxcVfyWyGIZgQdJW2QBlyivQNp9w1K9n31I8g==
  dependencies:
    "@tarojs/api" "3.6.17"
    "@tarojs/runtime" "3.6.17"

"@types/base-64@^1.0.0":
  version "1.0.0"
  resolved "https://registry.npmmirror.com/@types/base-64/-/base-64-1.0.0.tgz#de9c6070ea457fbd65a1b5ebf13976b3ac0bdad0"
  integrity sha512-AvCJx/HrfYHmOQRFdVvgKMplXfzTUizmh0tz9GFTpDePWgCY4uoKll84zKlaRoeiYiCr7c9ZnqSTzkl0BUVD6g==

"@types/crypto-js@^4.1.2":
  version "4.1.2"
  resolved "https://registry.npmmirror.com/@types/crypto-js/-/crypto-js-4.1.2.tgz#fb56b34f397d9ae2335611e416f15e7d65e276e6"
  integrity sha512-t33RNmTu5ufG/sorROIafiCVJMx3jz95bXUMoPAZcUD14fxMXnuTzqzXZoxpR0tNx2xpw11Dlmem9vGCsrSOfA==

base-64@^1.0.0:
  version "1.0.0"
  resolved "https://registry.npmmirror.com/base-64/-/base-64-1.0.0.tgz#09d0f2084e32a3fd08c2475b973788eee6ae8f4a"
  integrity sha512-kwDPIFCGx0NZHog36dj+tHiwP4QMzsZ3AgMViUBKI0+V5n4U0ufTCUMhnQ04diaRI8EX/QcPfql7zlhZ7j4zgg==

crypto-js@^4.1.1:
  version "4.1.1"
  resolved "https://registry.npmmirror.com/crypto-js/-/crypto-js-4.1.1.tgz#9e485bcf03521041bd85844786b83fb7619736cf"
  integrity sha512-o2JlM7ydqd3Qk9CA0L4NL6mTzU2sdx96a+oOfPu8Mkl/PK51vSyoi8/rQ8NknZtk44vq15lmhAj9CIAGwgeWKw==

lodash-es@4.17.21:
  version "4.17.21"
  resolved "https://registry.npmmirror.com/lodash-es/-/lodash-es-4.17.21.tgz#43e626c46e6591b7750beb2b50117390c609e3ee"
  integrity sha512-mKnC+QJ9pWVzv+C4/U3rRsHapFfHvQFoFB92e52xeyGMcX6/OlIl78je1u8vePzYZSkkogMPJ2yjxxsb89cxyw==

regenerator-runtime@^0.14.0:
  version "0.14.0"
  resolved "https://registry.npmmirror.com/regenerator-runtime/-/regenerator-runtime-0.14.0.tgz#5e19d68eb12d486f797e15a3c6a918f7cec5eb45"
  integrity sha512-srw17NI0TUWHuGa5CFGGmhfNIeja30WMBfbslPNhf6JrqQlLN5gcrvig1oqPxiVaXb0oW0XRKtH6Nngs5lKCIA==

utils4ts@1.0.9:
  version "1.0.9"
  resolved "https://registry.npmmirror.com/utils4ts/-/utils4ts-1.0.9.tgz#96978685240beccd979856625e1c21a504c1eabd"
  integrity sha512-oC8hkzaQzW6rHwtdre41eYzXIeF/cAY1pw5Ol+aXOVZT3t/9T0rw5xAFyODYvi1Igc78TfJ781PRWc6GtyXyTQ==
  dependencies:
    "@types/base-64" "^1.0.0"
    "@types/crypto-js" "^4.1.2"
    base-64 "^1.0.0"
    crypto-js "^4.1.1"
