# THIS IS AN AUTOGENERATED FILE. DO NOT EDIT THIS FILE DIRECTLY.
# yarn lockfile v1


utils4ts@^1.0.6:
  version "1.0.6"
  resolved "https://registry.npmmirror.com/utils4ts/-/utils4ts-1.0.6.tgz#58027a364bf9dfdd4b7421c2a2974d9ee31278b3"
  integrity sha512-/PtoBkiY/iovxzE5andyRrj6fFyYVNfQ1XFgMwgwC0gucbOmEGjMZnVZhTxgRDrgu05USpjBnJVCUtI8zKsbig==
